
Microsoft Visual Studio Solution File, Format Version 12.00
# Visual Studio Version 17
VisualStudioVersion = 17.3.32922.545
MinimumVisualStudioVersion = 10.0.40219.1
Project("{FAE04EC0-301F-11D3-BF4B-00C04F79EFBC}") = "Lab4_Sophie_WF_TDD", "Lab4_Sophie_WF_TDD.csproj", "{45ADC536-2F26-45DE-9E54-8E6D16AE7C1F}"
EndProject
Project("{FAE04EC0-301F-11D3-BF4B-00C04F79EFBC}") = "UnitTestProject1", "..\UnitTestProject1\UnitTestProject1.csproj", "{D2195478-07E9-4132-9DB0-0BC804E46C42}"
EndProject
Global
	GlobalSection(SolutionConfigurationPlatforms) = preSolution
		Debug|Any CPU = Debug|Any CPU
		Release|Any CPU = Release|Any CPU
	EndGlobalSection
	GlobalSection(ProjectConfigurationPlatforms) = postSolution
		{45ADC536-2F26-45DE-9E54-8E6D16AE7C1F}.Debug|Any CPU.ActiveCfg = Debug|Any CPU
		{45ADC536-2F26-45DE-9E54-8E6D16AE7C1F}.Debug|Any CPU.Build.0 = Debug|Any CPU
		{45ADC536-2F26-45DE-9E54-8E6D16AE7C1F}.Release|Any CPU.ActiveCfg = Release|Any CPU
		{45ADC536-2F26-45DE-9E54-8E6D16AE7C1F}.Release|Any CPU.Build.0 = Release|Any CPU
		{D2195478-07E9-4132-9DB0-0BC804E46C42}.Debug|Any CPU.ActiveCfg = Debug|Any CPU
		{D2195478-07E9-4132-9DB0-0BC804E46C42}.Debug|Any CPU.Build.0 = Debug|Any CPU
		{D2195478-07E9-4132-9DB0-0BC804E46C42}.Release|Any CPU.ActiveCfg = Release|Any CPU
		{D2195478-07E9-4132-9DB0-0BC804E46C42}.Release|Any CPU.Build.0 = Release|Any CPU
	EndGlobalSection
	GlobalSection(SolutionProperties) = preSolution
		HideSolutionNode = FALSE
	EndGlobalSection
	GlobalSection(ExtensibilityGlobals) = postSolution
		SolutionGuid = {B0083FD1-14A5-4A38-B55A-D3AD20BEA3A8}
	EndGlobalSection
EndGlobal
